{
  "name": "mohamed-yahya-portfolio",
  "version": "1.0.0",
  "lockfileVersion": 3,
  "requires": true,
  "packages": {
    "": {
      "name": "mohamed-yahya-portfolio",
      "version": "1.0.0",
      "dependencies": {
        "framer-motion": "^10.16.4",
        "react": "^18.2.0",
        "react-dom": "^18.2.0",
        "react-icons": "^4.11.0",
        "react-scroll": "^1.8.10"
      },
      "devDependencies": {
        "@types/react": "^18.2.15",
        "@types/react-dom": "^18.2.7",
        "@vitejs/plugin-react": "^4.0.3",
        "autoprefixer": "^10.4.14",
        "postcss": "^8.4.25",
        "tailwindcss": "^3.3.0",
        "vite": "^4.3.4"
      }
    },
    "node_modules/@ampproject/remapping": {
      "version": "2.3.0",
      "resolved": "https://registry.npmjs.org/@ampproject/remapping/-/remapping-2.3.0.tgz",
      "integrity": "sha512-30iZtAPgz+LTIYoeivqxo2qFQBq78OdwYcXngdECKN2Pyyv2B8JlxekzrRdl2d6r6RuJGWBCZrVgvsH20bnqA==",
      "dev": true,
      "dependencies": {
        "@jridgewell/gen-mapping": "^0.3.5",
        "@jridgewell/trace-mapping": "^0.3.24"
      },
      "engines": {
        "node": ">=6.0.0"
      }
    }
  }
}
