{
  "name": "mohamed-yahya-portfolio",
  "version": "1.0.0",
  "lockfileVersion": 3,
  "requires": true,
  "packages": {
    "": {
      "name": "mohamed-yahya-portfolio",
      "version": "1.0.0",
      "type": "module",
      "dependencies": {
        "framer-motion": "^10.16.4",
        "react": "^18.2.0",
        "react-dom": "^18.2.0",
        "react-icons": "^4.11.0",
        "react-scroll": "^1.8.10"
      },
      "devDependencies": {
        "@types/react": "^18.2.15",
        "@types/react-dom": "^18.2.7",
        "@vitejs/plugin-react": "^4.0.3",
        "autoprefixer": "^10.4.14",
        "postcss": "^8.4.25",
        "tailwindcss": "^3.3.0",
        "vite": "^4.3.4"
      }
    },
    "node_modules/react": {
      "version": "18.2.0",
      "resolved": "https://registry.npmjs.org/react/-/react-18.2.0.tgz",
      "integrity": "sha512-/3IjMdb2cLJ+PjFCLyAcnd5PlsCXSonaQKyzn+owgm7q6E2iiuSvxZwEeckcedmEQYWNN7mWrosDMsqvFECFA==",
      "dependencies": {
        "loose-envify": "^1.1.0"
      },
      "engines": {
        "node": ">=0.10.0"
      }
    },
    "node_modules/react-dom": {
      "version": "18.2.0",
      "resolved": "https://registry.npmjs.org/react-dom/-/react-dom-18.2.0.tgz",
      "integrity": "sha512-6IMTriUmvsjHUjNtEDudZfuEQUkkQKwNX+wWvfKgytHqsMGgc7MCWuXWbkelCh+j7THANKER3P3SBjw4DA8Zh==",
      "dependencies": {
        "loose-envify": "^1.1.0",
        "scheduler": "^0.23.0"
      },
      "peerDependencies": {
        "react": "^18.2.0"
      }
    },
    "node_modules/framer-motion": {
      "version": "10.16.4",
      "resolved": "https://registry.npmjs.org/framer-motion/-/framer-motion-10.16.4.tgz",
      "integrity": "sha512-dHaXVzJ65eR2l98N1y8z2n+V9eeLuN1aBc52dF7TJPZtI7V0bE7T8N1S9Y2RfTM/A2H7ZqNj0i6B0bKlOhRnw==",
      "dependencies": {
        "tslib": "^2.4.0"
      },
      "peerDependencies": {
        "react": "^18.0.0",
        "react-dom": "^18.0.0"
      }
    },
    "node_modules/react-icons": {
      "version": "4.11.0",
      "resolved": "https://registry.npmjs.org/react-icons/-/react-icons-4.11.0.tgz",
      "integrity": "sha512-V+4khzpsljG7jRJ1KSRpjowwXcI5P6IgxZgMZP5CfzABceDZ88XwDxck5gl1klMwc0EN+NqLsbYfKHXl/nofg==",
      "peerDependencies": {
        "react": "*"
      }
    },
    "node_modules/react-scroll": {
      "version": "1.8.10",
      "resolved": "https://registry.npmjs.org/react-scroll/-/react-scroll-1.8.10.tgz",
      "integrity": "sha512-5xM1qXFl9Ooq3V0nWwJW9eUgaZzV3HRLTZYhIW/CzfT3cS6t3oJGkGVy1Zek4LyJHzTkEBvGF7Zs2r+6L3Fpg==",
      "dependencies": {
        "dom-helpers": "^5.2.0",
        "prop-types": "^15.7.2"
      },
      "peerDependencies": {
        "react": "^16.8.0 || ^17.0.0 || ^18.0.0"
      }
    },
    "node_modules/@types/react": {
      "version": "18.2.15",
      "resolved": "https://registry.npmjs.org/@types/react/-/react-18.2.15.tgz",
      "integrity": "sha512-oaVlnC2j4pr8eoc87p3xb+dT6V0zHJzMtRHD/xEPk/K9UortBOMZMuKMFbN9Ttype3NFpcj8YLVmUB+vTksNw==",
      "dev": true
    },
    "node_modules/@types/react-dom": {
      "version": "18.2.7",
      "resolved": "https://registry.npmjs.org/@types/react-dom/-/react-dom-18.2.7.tgz",
      "integrity": "sha512-GRaAEritnT/d0bBa45b/c0sIGs4DItn23v0fjFw4rk987qTLSaxSmjyKwT91ZQ+5VM5PPrcqcjCl7angPfonog==",
      "dev": true
    },
    "node_modules/@vitejs/plugin-react": {
      "version": "4.0.3",
      "resolved": "https://registry.npmjs.org/@vitejs/plugin-react/-/plugin-react-4.0.3.tgz",
      "integrity": "sha512-Hn+8jvAeyvutiFOM5CPjNnM5mWTBSx8XcaF0u0+mv4Xsxc/07XkQNaWOlJbN6yVqNKcmbaFj23HyM3N56g299==",
      "dev": true,
      "dependencies": {
        "@babel/helper-plugin-utils": "^7.20.2",
        "@vitejs/plugin-react-swc": "^3.0.0"
      }
    },
    "node_modules/vite": {
      "version": "4.3.4",
      "resolved": "https://registry.npmjs.org/vite/-/vite-4.3.4.tgz",
      "integrity": "sha512-yJABrmDVX7fV3c8H6u+2R3dKdCXGzMvOI1PVw3hxNrHIIiYcKlKFzEXJWvDhKDzWKqhFqsYe3TcKY+/yrjYiQ==",
      "dev": true,
      "bin": {
        "vite": "bin/vite.js"
      },
      "engines": {
        "node": "^14.18.0 || >=16.0.0"
      },
      "peerDependencies": {
        "@types/node": ">= 14",
        "less": "*",
        "postcss": "^8.4.24",
        "sass": "*",
        "stylus": "*",
        "sugarss": "*",
        "terser": "^5.4.0"
      }
    },
    "node_modules/tailwindcss": {
      "version": "3.3.0",
      "resolved": "https://registry.npmjs.org/tailwindcss/-/tailwindcss-3.3.0.tgz",
      "integrity": "sha512-0r4tI7sxC7U2C2EfcNJ3dEjE7R/c5wXkzY/UzbR0T/FYEqFGEJ1MNBSaZPyLG0L6+xyZkbXwLf3d8c8/9eeYA==",
      "dev": true,
      "engines": {
        "node": ">=14.0"
      }
    },
    "node_modules/postcss": {
      "version": "8.4.25",
      "resolved": "https://registry.npmjs.org/postcss/-/postcss-8.4.25.tgz",
      "integrity": "sha512-7up6kotQjL6CRk/qTVecjp46g7xvRogIvlXogNolnhUZpVXH6+SVeUaNMHVJRSYWQnLU9/51QIP71lLg1ACI==",
      "dev": true,
      "engines": {
        "node": "^10 || ^12 || >=14"
      }
    },
    "node_modules/autoprefixer": {
      "version": "10.4.14",
      "resolved": "https://registry.npmjs.org/autoprefixer/-/autoprefixer-10.4.14.tgz",
      "integrity": "sha512-FQzyfiqFekt7VRQnECwkO7SUHZxvVksLifoqAhWjIVwIvIxXA2Y60ibC0bdsWP+89WD9pWaTy0AGp81+MRUreQ==",
      "dev": true,
      "engines": {
        "node": "^10 || ^12 || >=14"
      }
    }
  }
}
